
Microsoft Visual Studio Solution File, Format Version 12.00
# Visual Studio Version 17
VisualStudioVersion = 17.6.33723.286
MinimumVisualStudioVersion = 10.0.40219.1
Project("{FAE04EC0-301F-11D3-BF4B-00C04F79EFBC}") = "ConvexHullApp", "ConvexHullApp\ConvexHullApp.csproj", "{496366C7-F60C-4CFF-B224-588EC99D2061}"
EndProject
Global
	GlobalSection(SolutionConfigurationPlatforms) = preSolution
		Debug|Any CPU = Debug|Any CPU
		Release|Any CPU = Release|Any CPU
	EndGlobalSection
	GlobalSection(ProjectConfigurationPlatforms) = postSolution
		{496366C7-F60C-4CFF-B224-588EC99D2061}.Debug|Any CPU.ActiveCfg = Debug|Any CPU
		{496366C7-F60C-4CFF-B224-588EC99D2061}.Debug|Any CPU.Build.0 = Debug|Any CPU
		{496366C7-F60C-4CFF-B224-588EC99D2061}.Release|Any CPU.ActiveCfg = Release|Any CPU
		{496366C7-F60C-4CFF-B224-588EC99D2061}.Release|Any CPU.Build.0 = Release|Any CPU
	EndGlobalSection
	GlobalSection(SolutionProperties) = preSolution
		HideSolutionNode = FALSE
	EndGlobalSection
	GlobalSection(ExtensibilityGlobals) = postSolution
		SolutionGuid = {2ACF9C87-DA1E-4DC2-86E6-343D50044D7C}
	EndGlobalSection
EndGlobal
